
Microsoft Visual Studio Solution File, Format Version 12.00
# Visual Studio Version 17
VisualStudioVersion = 17.4.33110.190
MinimumVisualStudioVersion = 10.0.40219.1
Project("{9A19103F-16F7-4668-BE54-9A1E7A4F7556}") = "ProgramowanieObiektoweZadanie", "ProgramowanieObiektoweZadanie.csproj", "{787309CE-207E-43BB-A2B1-208C6AC7B5EA}"
EndProject
Global
	GlobalSection(SolutionConfigurationPlatforms) = preSolution
		Debug|Any CPU = Debug|Any CPU
		Release|Any CPU = Release|Any CPU
	EndGlobalSection
	GlobalSection(ProjectConfigurationPlatforms) = postSolution
		{787309CE-207E-43BB-A2B1-208C6AC7B5EA}.Debug|Any CPU.ActiveCfg = Debug|Any CPU
		{787309CE-207E-43BB-A2B1-208C6AC7B5EA}.Debug|Any CPU.Build.0 = Debug|Any CPU
		{787309CE-207E-43BB-A2B1-208C6AC7B5EA}.Release|Any CPU.ActiveCfg = Release|Any CPU
		{787309CE-207E-43BB-A2B1-208C6AC7B5EA}.Release|Any CPU.Build.0 = Release|Any CPU
	EndGlobalSection
	GlobalSection(SolutionProperties) = preSolution
		HideSolutionNode = FALSE
	EndGlobalSection
	GlobalSection(ExtensibilityGlobals) = postSolution
		SolutionGuid = {D505096D-E207-4EAD-80E4-28F64BB342C5}
	EndGlobalSection
EndGlobal
